// !$*UTF8*$!
{
	archiveVersion = 1;
	classes = {
	};
	objectVersion = 56;
	objects = {

/* Begin PBXBuildFile section */
		086762AE2C8FBF78007D5074 /* ThriftyApp.swift in Sources */ = {isa = PBXBuildFile; fileRef = 086762AD2C8FBF78007D5074 /* ThriftyApp.swift */; };
		086762B02C8FBF78007D5074 /* ContentView.swift in Sources */ = {isa = PBXBuildFile; fileRef = 086762AF2C8FBF78007D5074 /* ContentView.swift */; };
		086762B22C8FBF7A007D5074 /* Assets.xcassets in Resources */ = {isa = PBXBuildFile; fileRef = 086762B12C8FBF7A007D5074 /* Assets.xcassets */; };
		086762B52C8FBF7A007D5074 /* Preview Assets.xcassets in Resources */ = {isa = PBXBuildFile; fileRef = 086762B42C8FBF7A007D5074 /* Preview Assets.xcassets */; };
		086762BF2C8FBF7A007D5074 /* ThriftyTests.swift in Sources */ = {isa = PBXBuildFile; fileRef = 086762BE2C8FBF7A007D5074 /* ThriftyTests.swift */; };
		086762C92C8FBF7A007D5074 /* ThriftyUITests.swift in Sources */ = {isa = PBXBuildFile; fileRef = 086762C82C8FBF7A007D5074 /* ThriftyUITests.swift */; };
		086762CB2C8FBF7A007D5074 /* ThriftyUITestsLaunchTests.swift in Sources */ = {isa = PBXBuildFile; fileRef = 086762CA2C8FBF7A007D5074 /* ThriftyUITestsLaunchTests.swift */; };
/* End PBXBuildFile section */

/* Begin PBXContainerItemProxy section */
		086762BB2C8FBF7A007D5074 /* PBXContainerItemProxy */ = {
			isa = PBXContainerItemProxy;
			containerPortal = 086762A22C8FBF78007D5074 /* Project object */;
			proxyType = 1;
			remoteGlobalIDString = 086762A92C8FBF78007D5074;
			remoteInfo = Thrifty;
		};
		086762C52C8FBF7A007D5074 /* PBXContainerItemProxy */ = {
			isa = PBXContainerItemProxy;
			containerPortal = 086762A22C8FBF78007D5074 /* Project object */;
			proxyType = 1;
			remoteGlobalIDString = 086762A92C8FBF78007D5074;
			remoteInfo = Thrifty;
		};
/* End PBXContainerItemProxy section */

/* Begin PBXFileReference section */
		086762AA2C8FBF78007D5074 /* Thrifty.app */ = {isa = PBXFileReference; explicitFileType = wrapper.application; includeInIndex = 0; path = Thrifty.app; sourceTree = BUILT_PRODUCTS_DIR; };
		086762AD2C8FBF78007D5074 /* ThriftyApp.swift */ = {isa = PBXFileReference; lastKnownFileType = sourcecode.swift; path = ThriftyApp.swift; sourceTree = "<group>"; };
		086762AF2C8FBF78007D5074 /* ContentView.swift */ = {isa = PBXFileReference; lastKnownFileType = sourcecode.swift; path = ContentView.swift; sourceTree = "<group>"; };
		086762B12C8FBF7A007D5074 /* Assets.xcassets */ = {isa = PBXFileReference; lastKnownFileType = folder.assetcatalog; path = Assets.xcassets; sourceTree = "<group>"; };
		086762B42C8FBF7A007D5074 /* Preview Assets.xcassets */ = {isa = PBXFileReference; lastKnownFileType = folder.assetcatalog; path = "Preview Assets.xcassets"; sourceTree = "<group>"; };
		086762BA2C8FBF7A007D5074 /* ThriftyTests.xctest */ = {isa = PBXFileReference; explicitFileType = wrapper.cfbundle; includeInIndex = 0; path = ThriftyTests.xctest; sourceTree = BUILT_PRODUCTS_DIR; };
		086762BE2C8FBF7A007D5074 /* ThriftyTests.swift */ = {isa = PBXFileReference; lastKnownFileType = sourcecode.swift; path = ThriftyTests.swift; sourceTree = "<group>"; };
		086762C42C8FBF7A007D5074 /* ThriftyUITests.xctest */ = {isa = PBXFileReference; explicitFileType = wrapper.cfbundle; includeInIndex = 0; path = ThriftyUITests.xctest; sourceTree = BUILT_PRODUCTS_DIR; };
		086762C82C8FBF7A007D5074 /* ThriftyUITests.swift */ = {isa = PBXFileReference; lastKnownFileType = sourcecode.swift; path = ThriftyUITests.swift; sourceTree = "<group>"; };
		086762CA2C8FBF7A007D5074 /* ThriftyUITestsLaunchTests.swift */ = {isa = PBXFileReference; lastKnownFileType = sourcecode.swift; path = ThriftyUITestsLaunchTests.swift; sourceTree = "<group>"; };
/* End PBXFileReference section */

/* Begin PBXFrameworksBuildPhase section */
		086762A72C8FBF78007D5074 /* Frameworks */ = {
			isa = PBXFrameworksBuildPhase;
			buildActionMask = 2147483647;
			files = (
			);
			runOnlyForDeploymentPostprocessing = 0;
		};
		086762B72C8FBF7A007D5074 /* Frameworks */ = {
			isa = PBXFrameworksBuildPhase;
			buildActionMask = 2147483647;
			files = (
			);
			runOnlyForDeploymentPostprocessing = 0;
		};
		086762C12C8FBF7A007D5074 /* Frameworks */ = {
			isa = PBXFrameworksBuildPhase;
			buildActionMask = 2147483647;
			files = (
			);
			runOnlyForDeploymentPostprocessing = 0;
		};
/* End PBXFrameworksBuildPhase section */

/* Begin PBXGroup section */
		086762A12C8FBF78007D5074 = {
			isa = PBXGroup;
			children = (
				086762AC2C8FBF78007D5074 /* Thrifty */,
				086762BD2C8FBF7A007D5074 /* ThriftyTests */,
				086762C72C8FBF7A007D5074 /* ThriftyUITests */,
				086762AB2C8FBF78007D5074 /* Products */,
			);
			sourceTree = "<group>";
		};
		086762AB2C8FBF78007D5074 /* Products */ = {
			isa = PBXGroup;
			children = (
				086762AA2C8FBF78007D5074 /* Thrifty.app */,
				086762BA2C8FBF7A007D5074 /* ThriftyTests.xctest */,
				086762C42C8FBF7A007D5074 /* ThriftyUITests.xctest */,
			);
			name = Products;
			sourceTree = "<group>";
		};
		086762AC2C8FBF78007D5074 /* Thrifty */ = {
			isa = PBXGroup;
			children = (
				086762AD2C8FBF78007D5074 /* ThriftyApp.swift */,
				086762AF2C8FBF78007D5074 /* ContentView.swift */,
				086762B12C8FBF7A007D5074 /* Assets.xcassets */,
				086762B32C8FBF7A007D5074 /* Preview Content */,
			);
			path = Thrifty;
			sourceTree = "<group>";
		};
		086762B32C8FBF7A007D5074 /* Preview Content */ = {
			isa = PBXGroup;
			children = (
				086762B42C8FBF7A007D5074 /* Preview Assets.xcassets */,
			);
			path = "Preview Content";
			sourceTree = "<group>";
		};
		086762BD2C8FBF7A007D5074 /* ThriftyTests */ = {
			isa = PBXGroup;
			children = (
				086762BE2C8FBF7A007D5074 /* ThriftyTests.swift */,
			);
			path = ThriftyTests;
			sourceTree = "<group>";
		};
		086762C72C8FBF7A007D5074 /* ThriftyUITests */ = {
			isa = PBXGroup;
			children = (
				086762C82C8FBF7A007D5074 /* ThriftyUITests.swift */,
				086762CA2C8FBF7A007D5074 /* ThriftyUITestsLaunchTests.swift */,
			);
			path = ThriftyUITests;
			sourceTree = "<group>";
		};
/* End PBXGroup section */

/* Begin PBXNativeTarget section */
		086762A92C8FBF78007D5074 /* Thrifty */ = {
			isa = PBXNativeTarget;
			buildConfigurationList = 086762CE2C8FBF7A007D5074 /* Build configuration list for PBXNativeTarget "Thrifty" */;
			buildPhases = (
				086762A62C8FBF78007D5074 /* Sources */,
				086762A72C8FBF78007D5074 /* Frameworks */,
				086762A82C8FBF78007D5074 /* Resources */,
			);
			buildRules = (
			);
			dependencies = (
			);
			name = Thrifty;
			productName = Thrifty;
			productReference = 086762AA2C8FBF78007D5074 /* Thrifty.app */;
			productType = "com.apple.product-type.application";
		};
		086762B92C8FBF7A007D5074 /* ThriftyTests */ = {
			isa = PBXNativeTarget;
			buildConfigurationList = 086762D12C8FBF7A007D5074 /* Build configuration list for PBXNativeTarget "ThriftyTests" */;
			buildPhases = (
				086762B62C8FBF7A007D5074 /* Sources */,
				086762B72C8FBF7A007D5074 /* Frameworks */,
				086762B82C8FBF7A007D5074 /* Resources */,
			);
			buildRules = (
			);
			dependencies = (
				086762BC2C8FBF7A007D5074 /* PBXTargetDependency */,
			);
			name = ThriftyTests;
			productName = ThriftyTests;
			productReference = 086762BA2C8FBF7A007D5074 /* ThriftyTests.xctest */;
			productType = "com.apple.product-type.bundle.unit-test";
		};
		086762C32C8FBF7A007D5074 /* ThriftyUITests */ = {
			isa = PBXNativeTarget;
			buildConfigurationList = 086762D42C8FBF7A007D5074 /* Build configuration list for PBXNativeTarget "ThriftyUITests" */;
			buildPhases = (
				086762C02C8FBF7A007D5074 /* Sources */,
				086762C12C8FBF7A007D5074 /* Frameworks */,
				086762C22C8FBF7A007D5074 /* Resources */,
			);
			buildRules = (
			);
			dependencies = (
				086762C62C8FBF7A007D5074 /* PBXTargetDependency */,
			);
			name = ThriftyUITests;
			productName = ThriftyUITests;
			productReference = 086762C42C8FBF7A007D5074 /* ThriftyUITests.xctest */;
			productType = "com.apple.product-type.bundle.ui-testing";
		};
/* End PBXNativeTarget section */

/* Begin PBXProject section */
		086762A22C8FBF78007D5074 /* Project object */ = {
			isa = PBXProject;
			attributes = {
				BuildIndependentTargetsInParallel = 1;
				LastSwiftUpdateCheck = 1540;
				LastUpgradeCheck = 1540;
				TargetAttributes = {
					086762A92C8FBF78007D5074 = {
						CreatedOnToolsVersion = 15.4;
					};
					086762B92C8FBF7A007D5074 = {
						CreatedOnToolsVersion = 15.4;
						TestTargetID = 086762A92C8FBF78007D5074;
					};
					086762C32C8FBF7A007D5074 = {
						CreatedOnToolsVersion = 15.4;
						TestTargetID = 086762A92C8FBF78007D5074;
					};
				};
			};
			buildConfigurationList = 086762A52C8FBF78007D5074 /* Build configuration list for PBXProject "Thrifty" */;
			compatibilityVersion = "Xcode 14.0";
			developmentRegion = en;
			hasScannedForEncodings = 0;
			knownRegions = (
				en,
				Base,
			);
			mainGroup = 086762A12C8FBF78007D5074;
			productRefGroup = 086762AB2C8FBF78007D5074 /* Products */;
			projectDirPath = "";
			projectRoot = "";
			targets = (
				086762A92C8FBF78007D5074 /* Thrifty */,
				086762B92C8FBF7A007D5074 /* ThriftyTests */,
				086762C32C8FBF7A007D5074 /* ThriftyUITests */,
			);
		};
/* End PBXProject section */

/* Begin PBXResourcesBuildPhase section */
		086762A82C8FBF78007D5074 /* Resources */ = {
			isa = PBXResourcesBuildPhase;
			buildActionMask = 2147483647;
			files = (
				086762B52C8FBF7A007D5074 /* Preview Assets.xcassets in Resources */,
				086762B22C8FBF7A007D5074 /* Assets.xcassets in Resources */,
			);
			runOnlyForDeploymentPostprocessing = 0;
		};
		086762B82C8FBF7A007D5074 /* Resources */ = {
			isa = PBXResourcesBuildPhase;
			buildActionMask = 2147483647;
			files = (
			);
			runOnlyForDeploymentPostprocessing = 0;
		};
		086762C22C8FBF7A007D5074 /* Resources */ = {
			isa = PBXResourcesBuildPhase;
			buildActionMask = 2147483647;
			files = (
			);
			runOnlyForDeploymentPostprocessing = 0;
		};
/* End PBXResourcesBuildPhase section */

/* Begin PBXSourcesBuildPhase section */
		086762A62C8FBF78007D5074 /* Sources */ = {
			isa = PBXSourcesBuildPhase;
			buildActionMask = 2147483647;
			files = (
				086762B02C8FBF78007D5074 /* ContentView.swift in Sources */,
				086762AE2C8FBF78007D5074 /* ThriftyApp.swift in Sources */,
			);
			runOnlyForDeploymentPostprocessing = 0;
		};
		086762B62C8FBF7A007D5074 /* Sources */ = {
			isa = PBXSourcesBuildPhase;
			buildActionMask = 2147483647;
			files = (
				086762BF2C8FBF7A007D5074 /* ThriftyTests.swift in Sources */,
			);
			runOnlyForDeploymentPostprocessing = 0;
		};
		086762C02C8FBF7A007D5074 /* Sources */ = {
			isa = PBXSourcesBuildPhase;
			buildActionMask = 2147483647;
			files = (
				086762C92C8FBF7A007D5074 /* ThriftyUITests.swift in Sources */,
				086762CB2C8FBF7A007D5074 /* ThriftyUITestsLaunchTests.swift in Sources */,
			);
			runOnlyForDeploymentPostprocessing = 0;
		};
/* End PBXSourcesBuildPhase section */

/* Begin PBXTargetDependency section */
		086762BC2C8FBF7A007D5074 /* PBXTargetDependency */ = {
			isa = PBXTargetDependency;
			target = 086762A92C8FBF78007D5074 /* Thrifty */;
			targetProxy = 086762BB2C8FBF7A007D5074 /* PBXContainerItemProxy */;
		};
		086762C62C8FBF7A007D5074 /* PBXTargetDependency */ = {
			isa = PBXTargetDependency;
			target = 086762A92C8FBF78007D5074 /* Thrifty */;
			targetProxy = 086762C52C8FBF7A007D5074 /* PBXContainerItemProxy */;
		};
/* End PBXTargetDependency section */

/* Begin XCBuildConfiguration section */
		086762CC2C8FBF7A007D5074 /* Debug */ = {
			isa = XCBuildConfiguration;
			buildSettings = {
				ALWAYS_SEARCH_USER_PATHS = NO;
				ASSETCATALOG_COMPILER_GENERATE_SWIFT_ASSET_SYMBOL_EXTENSIONS = YES;
				CLANG_ANALYZER_NONNULL = YES;
				CLANG_ANALYZER_NUMBER_OBJECT_CONVERSION = YES_AGGRESSIVE;
				CLANG_CXX_LANGUAGE_STANDARD = "gnu++20";
				CLANG_ENABLE_MODULES = YES;
				CLANG_ENABLE_OBJC_ARC = YES;
				CLANG_ENABLE_OBJC_WEAK = YES;
				CLANG_WARN_BLOCK_CAPTURE_AUTORELEASING = YES;
				CLANG_WARN_BOOL_CONVERSION = YES;
				CLANG_WARN_COMMA = YES;
				CLANG_WARN_CONSTANT_CONVERSION = YES;
				CLANG_WARN_DEPRECATED_OBJC_IMPLEMENTATIONS = YES;
				CLANG_WARN_DIRECT_OBJC_ISA_USAGE = YES_ERROR;
				CLANG_WARN_DOCUMENTATION_COMMENTS = YES;
				CLANG_WARN_EMPTY_BODY = YES;
				CLANG_WARN_ENUM_CONVERSION = YES;
				CLANG_WARN_INFINITE_RECURSION = YES;
				CLANG_WARN_INT_CONVERSION = YES;
				CLANG_WARN_NON_LITERAL_NULL_CONVERSION = YES;
				CLANG_WARN_OBJC_IMPLICIT_RETAIN_SELF = YES;
				CLANG_WARN_OBJC_LITERAL_CONVERSION = YES;
				CLANG_WARN_OBJC_ROOT_CLASS = YES_ERROR;
				CLANG_WARN_QUOTED_INCLUDE_IN_FRAMEWORK_HEADER = YES;
				CLANG_WARN_RANGE_LOOP_ANALYSIS = YES;
				CLANG_WARN_STRICT_PROTOTYPES = YES;
				CLANG_WARN_SUSPICIOUS_MOVE = YES;
				CLANG_WARN_UNGUARDED_AVAILABILITY = YES_AGGRESSIVE;
				CLANG_WARN_UNREACHABLE_CODE = YES;
				CLANG_WARN__DUPLICATE_METHOD_MATCH = YES;
				COPY_PHASE_STRIP = NO;
				DEBUG_INFORMATION_FORMAT = dwarf;
				ENABLE_STRICT_OBJC_MSGSEND = YES;
				ENABLE_TESTABILITY = YES;
				ENABLE_USER_SCRIPT_SANDBOXING = YES;
				GCC_C_LANGUAGE_STANDARD = gnu17;
				GCC_DYNAMIC_NO_PIC = NO;
				GCC_NO_COMMON_BLOCKS = YES;
				GCC_OPTIMIZATION_LEVEL = 0;
				GCC_PREPROCESSOR_DEFINITIONS = (
					"DEBUG=1",
					"$(inherited)",
				);
				GCC_WARN_64_TO_32_BIT_CONVERSION = YES;
				GCC_WARN_ABOUT_RETURN_TYPE = YES_ERROR;
				GCC_WARN_UNDECLARED_SELECTOR = YES;
				GCC_WARN_UNINITIALIZED_AUTOS = YES_AGGRESSIVE;
				GCC_WARN_UNUSED_FUNCTION = YES;
				GCC_WARN_UNUSED_VARIABLE = YES;
				IPHONEOS_DEPLOYMENT_TARGET = 17.5;
				LOCALIZATION_PREFERS_STRING_CATALOGS = YES;
				MTL_ENABLE_DEBUG_INFO = INCLUDE_SOURCE;
				MTL_FAST_MATH = YES;
				ONLY_ACTIVE_ARCH = YES;
				SDKROOT = iphoneos;
				SWIFT_ACTIVE_COMPILATION_CONDITIONS = "DEBUG $(inherited)";
				SWIFT_OPTIMIZATION_LEVEL = "-Onone";
			};
			name = Debug;
		};
		086762CD2C8FBF7A007D5074 /* Release */ = {
			isa = XCBuildConfiguration;
			buildSettings = {
				ALWAYS_SEARCH_USER_PATHS = NO;
				ASSETCATALOG_COMPILER_GENERATE_SWIFT_ASSET_SYMBOL_EXTENSIONS = YES;
				CLANG_ANALYZER_NONNULL = YES;
				CLANG_ANALYZER_NUMBER_OBJECT_CONVERSION = YES_AGGRESSIVE;
				CLANG_CXX_LANGUAGE_STANDARD = "gnu++20";
				CLANG_ENABLE_MODULES = YES;
				CLANG_ENABLE_OBJC_ARC = YES;
				CLANG_ENABLE_OBJC_WEAK = YES;
				CLANG_WARN_BLOCK_CAPTURE_AUTORELEASING = YES;
				CLANG_WARN_BOOL_CONVERSION = YES;
				CLANG_WARN_COMMA = YES;
				CLANG_WARN_CONSTANT_CONVERSION = YES;
				CLANG_WARN_DEPRECATED_OBJC_IMPLEMENTATIONS = YES;
				CLANG_WARN_DIRECT_OBJC_ISA_USAGE = YES_ERROR;
				CLANG_WARN_DOCUMENTATION_COMMENTS = YES;
				CLANG_WARN_EMPTY_BODY = YES;
				CLANG_WARN_ENUM_CONVERSION = YES;
				CLANG_WARN_INFINITE_RECURSION = YES;
				CLANG_WARN_INT_CONVERSION = YES;
				CLANG_WARN_NON_LITERAL_NULL_CONVERSION = YES;
				CLANG_WARN_OBJC_IMPLICIT_RETAIN_SELF = YES;
				CLANG_WARN_OBJC_LITERAL_CONVERSION = YES;
				CLANG_WARN_OBJC_ROOT_CLASS = YES_ERROR;
				CLANG_WARN_QUOTED_INCLUDE_IN_FRAMEWORK_HEADER = YES;
				CLANG_WARN_RANGE_LOOP_ANALYSIS = YES;
				CLANG_WARN_STRICT_PROTOTYPES = YES;
				CLANG_WARN_SUSPICIOUS_MOVE = YES;
				CLANG_WARN_UNGUARDED_AVAILABILITY = YES_AGGRESSIVE;
				CLANG_WARN_UNREACHABLE_CODE = YES;
				CLANG_WARN__DUPLICATE_METHOD_MATCH = YES;
				COPY_PHASE_STRIP = NO;
				DEBUG_INFORMATION_FORMAT = "dwarf-with-dsym";
				ENABLE_NS_ASSERTIONS = NO;
				ENABLE_STRICT_OBJC_MSGSEND = YES;
				ENABLE_USER_SCRIPT_SANDBOXING = YES;
				GCC_C_LANGUAGE_STANDARD = gnu17;
				GCC_NO_COMMON_BLOCKS = YES;
				GCC_WARN_64_TO_32_BIT_CONVERSION = YES;
				GCC_WARN_ABOUT_RETURN_TYPE = YES_ERROR;
				GCC_WARN_UNDECLARED_SELECTOR = YES;
				GCC_WARN_UNINITIALIZED_AUTOS = YES_AGGRESSIVE;
				GCC_WARN_UNUSED_FUNCTION = YES;
				GCC_WARN_UNUSED_VARIABLE = YES;
				IPHONEOS_DEPLOYMENT_TARGET = 17.5;
				LOCALIZATION_PREFERS_STRING_CATALOGS = YES;
				MTL_ENABLE_DEBUG_INFO = NO;
				MTL_FAST_MATH = YES;
				SDKROOT = iphoneos;
				SWIFT_COMPILATION_MODE = wholemodule;
				VALIDATE_PRODUCT = YES;
			};
			name = Release;
		};
		086762CF2C8FBF7A007D5074 /* Debug */ = {
			isa = XCBuildConfiguration;
			buildSettings = {
				ASSETCATALOG_COMPILER_APPICON_NAME = AppIcon;
				ASSETCATALOG_COMPILER_GLOBAL_ACCENT_COLOR_NAME = AccentColor;
				CODE_SIGN_STYLE = Automatic;
				CURRENT_PROJECT_VERSION = 1;
				DEVELOPMENT_ASSET_PATHS = "\"Thrifty/Preview Content\"";
				DEVELOPMENT_TEAM = P3SP5SY954;
				ENABLE_PREVIEWS = YES;
				GENERATE_INFOPLIST_FILE = YES;
				INFOPLIST_KEY_UIApplicationSceneManifest_Generation = YES;
				INFOPLIST_KEY_UIApplicationSupportsIndirectInputEvents = YES;
				INFOPLIST_KEY_UILaunchScreen_Generation = YES;
				INFOPLIST_KEY_UISupportedInterfaceOrientations_iPad = "UIInterfaceOrientationPortrait UIInterfaceOrientationPortraitUpsideDown UIInterfaceOrientationLandscapeLeft UIInterfaceOrientationLandscapeRight";
				INFOPLIST_KEY_UISupportedInterfaceOrientations_iPhone = "UIInterfaceOrientationPortrait UIInterfaceOrientationLandscapeLeft UIInterfaceOrientationLandscapeRight";
				LD_RUNPATH_SEARCH_PATHS = (
					"$(inherited)",
					"@executable_path/Frameworks",
				);
				MARKETING_VERSION = 1.0;
				PRODUCT_BUNDLE_IDENTIFIER = jasunlichee.Thrifty;
				PRODUCT_NAME = "$(TARGET_NAME)";
				SWIFT_EMIT_LOC_STRINGS = YES;
				SWIFT_VERSION = 5.0;
				TARGETED_DEVICE_FAMILY = "1,2";
			};
			name = Debug;
		};
		086762D02C8FBF7A007D5074 /* Release */ = {
			isa = XCBuildConfiguration;
			buildSettings = {
				ASSETCATALOG_COMPILER_APPICON_NAME = AppIcon;
				ASSETCATALOG_COMPILER_GLOBAL_ACCENT_COLOR_NAME = AccentColor;
				CODE_SIGN_STYLE = Automatic;
				CURRENT_PROJECT_VERSION = 1;
				DEVELOPMENT_ASSET_PATHS = "\"Thrifty/Preview Content\"";
				DEVELOPMENT_TEAM = P3SP5SY954;
				ENABLE_PREVIEWS = YES;
				GENERATE_INFOPLIST_FILE = YES;
				INFOPLIST_KEY_UIApplicationSceneManifest_Generation = YES;
				INFOPLIST_KEY_UIApplicationSupportsIndirectInputEvents = YES;
				INFOPLIST_KEY_UILaunchScreen_Generation = YES;
				INFOPLIST_KEY_UISupportedInterfaceOrientations_iPad = "UIInterfaceOrientationPortrait UIInterfaceOrientationPortraitUpsideDown UIInterfaceOrientationLandscapeLeft UIInterfaceOrientationLandscapeRight";
				INFOPLIST_KEY_UISupportedInterfaceOrientations_iPhone = "UIInterfaceOrientationPortrait UIInterfaceOrientationLandscapeLeft UIInterfaceOrientationLandscapeRight";
				LD_RUNPATH_SEARCH_PATHS = (
					"$(inherited)",
					"@executable_path/Frameworks",
				);
				MARKETING_VERSION = 1.0;
				PRODUCT_BUNDLE_IDENTIFIER = jasunlichee.Thrifty;
				PRODUCT_NAME = "$(TARGET_NAME)";
				SWIFT_EMIT_LOC_STRINGS = YES;
				SWIFT_VERSION = 5.0;
				TARGETED_DEVICE_FAMILY = "1,2";
			};
			name = Release;
		};
		086762D22C8FBF7A007D5074 /* Debug */ = {
			isa = XCBuildConfiguration;
			buildSettings = {
				ALWAYS_EMBED_SWIFT_STANDARD_LIBRARIES = YES;
				BUNDLE_LOADER = "$(TEST_HOST)";
				CODE_SIGN_STYLE = Automatic;
				CURRENT_PROJECT_VERSION = 1;
				DEVELOPMENT_TEAM = P3SP5SY954;
				GENERATE_INFOPLIST_FILE = YES;
				IPHONEOS_DEPLOYMENT_TARGET = 17.5;
				MARKETING_VERSION = 1.0;
				PRODUCT_BUNDLE_IDENTIFIER = jasunlichee.ThriftyTests;
				PRODUCT_NAME = "$(TARGET_NAME)";
				SWIFT_EMIT_LOC_STRINGS = NO;
				SWIFT_VERSION = 5.0;
				TARGETED_DEVICE_FAMILY = "1,2";
				TEST_HOST = "$(BUILT_PRODUCTS_DIR)/Thrifty.app/$(BUNDLE_EXECUTABLE_FOLDER_PATH)/Thrifty";
			};
			name = Debug;
		};
		086762D32C8FBF7A007D5074 /* Release */ = {
			isa = XCBuildConfiguration;
			buildSettings = {
				ALWAYS_EMBED_SWIFT_STANDARD_LIBRARIES = YES;
				BUNDLE_LOADER = "$(TEST_HOST)";
				CODE_SIGN_STYLE = Automatic;
				CURRENT_PROJECT_VERSION = 1;
				DEVELOPMENT_TEAM = P3SP5SY954;
				GENERATE_INFOPLIST_FILE = YES;
				IPHONEOS_DEPLOYMENT_TARGET = 17.5;
				MARKETING_VERSION = 1.0;
				PRODUCT_BUNDLE_IDENTIFIER = jasunlichee.ThriftyTests;
				PRODUCT_NAME = "$(TARGET_NAME)";
				SWIFT_EMIT_LOC_STRINGS = NO;
				SWIFT_VERSION = 5.0;
				TARGETED_DEVICE_FAMILY = "1,2";
				TEST_HOST = "$(BUILT_PRODUCTS_DIR)/Thrifty.app/$(BUNDLE_EXECUTABLE_FOLDER_PATH)/Thrifty";
			};
			name = Release;
		};
		086762D52C8FBF7A007D5074 /* Debug */ = {
			isa = XCBuildConfiguration;
			buildSettings = {
				ALWAYS_EMBED_SWIFT_STANDARD_LIBRARIES = YES;
				CODE_SIGN_STYLE = Automatic;
				CURRENT_PROJECT_VERSION = 1;
				DEVELOPMENT_TEAM = P3SP5SY954;
				GENERATE_INFOPLIST_FILE = YES;
				MARKETING_VERSION = 1.0;
				PRODUCT_BUNDLE_IDENTIFIER = jasunlichee.ThriftyUITests;
				PRODUCT_NAME = "$(TARGET_NAME)";
				SWIFT_EMIT_LOC_STRINGS = NO;
				SWIFT_VERSION = 5.0;
				TARGETED_DEVICE_FAMILY = "1,2";
				TEST_TARGET_NAME = Thrifty;
			};
			name = Debug;
		};
		086762D62C8FBF7A007D5074 /* Release */ = {
			isa = XCBuildConfiguration;
			buildSettings = {
				ALWAYS_EMBED_SWIFT_STANDARD_LIBRARIES = YES;
				CODE_SIGN_STYLE = Automatic;
				CURRENT_PROJECT_VERSION = 1;
				DEVELOPMENT_TEAM = P3SP5SY954;
				GENERATE_INFOPLIST_FILE = YES;
				MARKETING_VERSION = 1.0;
				PRODUCT_BUNDLE_IDENTIFIER = jasunlichee.ThriftyUITests;
				PRODUCT_NAME = "$(TARGET_NAME)";
				SWIFT_EMIT_LOC_STRINGS = NO;
				SWIFT_VERSION = 5.0;
				TARGETED_DEVICE_FAMILY = "1,2";
				TEST_TARGET_NAME = Thrifty;
			};
			name = Release;
		};
/* End XCBuildConfiguration section */

/* Begin XCConfigurationList section */
		086762A52C8FBF78007D5074 /* Build configuration list for PBXProject "Thrifty" */ = {
			isa = XCConfigurationList;
			buildConfigurations = (
				086762CC2C8FBF7A007D5074 /* Debug */,
				086762CD2C8FBF7A007D5074 /* Release */,
			);
			defaultConfigurationIsVisible = 0;
			defaultConfigurationName = Release;
		};
		086762CE2C8FBF7A007D5074 /* Build configuration list for PBXNativeTarget "Thrifty" */ = {
			isa = XCConfigurationList;
			buildConfigurations = (
				086762CF2C8FBF7A007D5074 /* Debug */,
				086762D02C8FBF7A007D5074 /* Release */,
			);
			defaultConfigurationIsVisible = 0;
			defaultConfigurationName = Release;
		};
		086762D12C8FBF7A007D5074 /* Build configuration list for PBXNativeTarget "ThriftyTests" */ = {
			isa = XCConfigurationList;
			buildConfigurations = (
				086762D22C8FBF7A007D5074 /* Debug */,
				086762D32C8FBF7A007D5074 /* Release */,
			);
			defaultConfigurationIsVisible = 0;
			defaultConfigurationName = Release;
		};
		086762D42C8FBF7A007D5074 /* Build configuration list for PBXNativeTarget "ThriftyUITests" */ = {
			isa = XCConfigurationList;
			buildConfigurations = (
				086762D52C8FBF7A007D5074 /* Debug */,
				086762D62C8FBF7A007D5074 /* Release */,
			);
			defaultConfigurationIsVisible = 0;
			defaultConfigurationName = Release;
		};
/* End XCConfigurationList section */
	};
	rootObject = 086762A22C8FBF78007D5074 /* Project object */;
}
